Microsoft Visual Studio Solution File, Format Version 11.00
# Visual Studio 2010
Project("{8BC9CEB8-8B4A-11D0-8D11-00A0C91BC942}") = "Crypto", "Crypto\Crypto.vcxproj", "{993245CF-6B70-47EE-91BB-39F8FC6DC0E7}"
EndProject
Project("{8BC9CEB8-8B4A-11D0-8D11-00A0C91BC942}") = "Api", "Api\Api.vcxproj", "{493DDF50-624F-48BB-B8D9-39221C41999E}"
EndProject
Project("{8BC9CEB8-8B4A-11D0-8D11-00A0C91BC942}") = "ApiTest", "ApiTest\ApiTest.vcxproj", "{F06AA133-65D9-430E-BCB6-9183B754C258}"
EndProject
Global
	GlobalSection(SolutionConfigurationPlatforms) = preSolution
		All Debug|Win32 = All Debug|Win32
		All Release|Win32 = All Release|Win32
		Debug|Win32 = Debug|Win32
		Release|Win32 = Release|Win32
	EndGlobalSection
	GlobalSection(ProjectConfigurationPlatforms) = postSolution
		{993245CF-6B70-47EE-91BB-39F8FC6DC0E7}.All Debug|Win32.ActiveCfg = Debug|Win32
		{993245CF-6B70-47EE-91BB-39F8FC6DC0E7}.All Debug|Win32.Build.0 = Debug|Win32
		{993245CF-6B70-47EE-91BB-39F8FC6DC0E7}.All Release|Win32.ActiveCfg = Release|Win32
		{993245CF-6B70-47EE-91BB-39F8FC6DC0E7}.All Release|Win32.Build.0 = Release|Win32
		{993245CF-6B70-47EE-91BB-39F8FC6DC0E7}.Debug|Win32.ActiveCfg = Debug|Win32
		{993245CF-6B70-47EE-91BB-39F8FC6DC0E7}.Debug|Win32.Build.0 = Debug|Win32
		{993245CF-6B70-47EE-91BB-39F8FC6DC0E7}.Release|Win32.ActiveCfg = Release|Win32
		{993245CF-6B70-47EE-91BB-39F8FC6DC0E7}.Release|Win32.Build.0 = Release|Win32
		{493DDF50-624F-48BB-B8D9-39221C41999E}.All Debug|Win32.ActiveCfg = Debug|Win32
		{493DDF50-624F-48BB-B8D9-39221C41999E}.All Debug|Win32.Build.0 = Debug|Win32
		{493DDF50-624F-48BB-B8D9-39221C41999E}.All Release|Win32.ActiveCfg = Release|Win32
		{493DDF50-624F-48BB-B8D9-39221C41999E}.All Release|Win32.Build.0 = Release|Win32
		{493DDF50-624F-48BB-B8D9-39221C41999E}.Debug|Win32.ActiveCfg = Debug|Win32
		{493DDF50-624F-48BB-B8D9-39221C41999E}.Debug|Win32.Build.0 = Debug|Win32
		{493DDF50-624F-48BB-B8D9-39221C41999E}.Release|Win32.ActiveCfg = Release|Win32
		{493DDF50-624F-48BB-B8D9-39221C41999E}.Release|Win32.Build.0 = Release|Win32
		{F06AA133-65D9-430E-BCB6-9183B754C258}.All Debug|Win32.ActiveCfg = Debug|Win32
		{F06AA133-65D9-430E-BCB6-9183B754C258}.All Debug|Win32.Build.0 = Debug|Win32
		{F06AA133-65D9-430E-BCB6-9183B754C258}.All Release|Win32.ActiveCfg = Release|Win32
		{F06AA133-65D9-430E-BCB6-9183B754C258}.All Release|Win32.Build.0 = Release|Win32
		{F06AA133-65D9-430E-BCB6-9183B754C258}.Debug|Win32.ActiveCfg = Debug|Win32
		{F06AA133-65D9-430E-BCB6-9183B754C258}.Debug|Win32.Build.0 = Debug|Win32
		{F06AA133-65D9-430E-BCB6-9183B754C258}.Release|Win32.ActiveCfg = Release|Win32
		{F06AA133-65D9-430E-BCB6-9183B754C258}.Release|Win32.Build.0 = Release|Win32
	EndGlobalSection
	GlobalSection(SolutionProperties) = preSolution
		HideSolutionNode = FALSE
	EndGlobalSection
EndGlobal
